{
  "originHash" : "4c7b7f18ebd46decebee40d4b14aa3906308bbca7b3d7e8094c5b292e8d20a86",
  "pins" : [
    {
      "identity" : "xestitools",
      "kind" : "remoteSourceControl",
      "location" : "https://github.com/eBardX/XestiTools.git",
      "state" : {
        "revision" : "05991497b8c7cb5ccfd4c9440c5b8548f6989ab3",
        "version" : "9.1.0"
      }
    }
  ],
  "version" : 3
}
